
Microsoft Visual Studio Solution File, Format Version 12.00
# Visual Studio 15
VisualStudioVersion = 15.0.27428.2015
MinimumVisualStudioVersion = 10.0.40219.1
Project("{FAE04EC0-301F-11D3-BF4B-00C04F79EFBC}") = "Trabajo2.COMMON", "Trabajo2.COMMON\Trabajo2.COMMON.csproj", "{075150B0-84E2-4C68-B8C4-8EC280A64A4E}"
EndProject
Project("{FAE04EC0-301F-11D3-BF4B-00C04F79EFBC}") = "Trabajo2.Dal", "Trabajo2.Dal\Trabajo2.Dal.csproj", "{BD425B5B-E5FB-4C58-9EB0-15590A7C86B4}"
EndProject
Project("{FAE04EC0-301F-11D3-BF4B-00C04F79EFBC}") = "Trabajo2.BIZ", "Trabajo2.BIZ\Trabajo2.BIZ.csproj", "{C8F05B72-EC38-4F5B-9C17-6413CA8BDD33}"
EndProject
Project("{FAE04EC0-301F-11D3-BF4B-00C04F79EFBC}") = "Trabajo2", "Trabajo2\Trabajo2.csproj", "{A63A9F5C-9586-4CDF-B029-C7947501E851}"
EndProject
Global
	GlobalSection(SolutionConfigurationPlatforms) = preSolution
		Debug|Any CPU = Debug|Any CPU
		Release|Any CPU = Release|Any CPU
	EndGlobalSection
	GlobalSection(ProjectConfigurationPlatforms) = postSolution
		{075150B0-84E2-4C68-B8C4-8EC280A64A4E}.Debug|Any CPU.ActiveCfg = Debug|Any CPU
		{075150B0-84E2-4C68-B8C4-8EC280A64A4E}.Debug|Any CPU.Build.0 = Debug|Any CPU
		{075150B0-84E2-4C68-B8C4-8EC280A64A4E}.Release|Any CPU.ActiveCfg = Release|Any CPU
		{075150B0-84E2-4C68-B8C4-8EC280A64A4E}.Release|Any CPU.Build.0 = Release|Any CPU
		{BD425B5B-E5FB-4C58-9EB0-15590A7C86B4}.Debug|Any CPU.ActiveCfg = Debug|Any CPU
		{BD425B5B-E5FB-4C58-9EB0-15590A7C86B4}.Debug|Any CPU.Build.0 = Debug|Any CPU
		{BD425B5B-E5FB-4C58-9EB0-15590A7C86B4}.Release|Any CPU.ActiveCfg = Release|Any CPU
		{BD425B5B-E5FB-4C58-9EB0-15590A7C86B4}.Release|Any CPU.Build.0 = Release|Any CPU
		{C8F05B72-EC38-4F5B-9C17-6413CA8BDD33}.Debug|Any CPU.ActiveCfg = Debug|Any CPU
		{C8F05B72-EC38-4F5B-9C17-6413CA8BDD33}.Debug|Any CPU.Build.0 = Debug|Any CPU
		{C8F05B72-EC38-4F5B-9C17-6413CA8BDD33}.Release|Any CPU.ActiveCfg = Release|Any CPU
		{C8F05B72-EC38-4F5B-9C17-6413CA8BDD33}.Release|Any CPU.Build.0 = Release|Any CPU
		{A63A9F5C-9586-4CDF-B029-C7947501E851}.Debug|Any CPU.ActiveCfg = Debug|Any CPU
		{A63A9F5C-9586-4CDF-B029-C7947501E851}.Debug|Any CPU.Build.0 = Debug|Any CPU
		{A63A9F5C-9586-4CDF-B029-C7947501E851}.Release|Any CPU.ActiveCfg = Release|Any CPU
		{A63A9F5C-9586-4CDF-B029-C7947501E851}.Release|Any CPU.Build.0 = Release|Any CPU
	EndGlobalSection
	GlobalSection(SolutionProperties) = preSolution
		HideSolutionNode = FALSE
	EndGlobalSection
	GlobalSection(ExtensibilityGlobals) = postSolution
		SolutionGuid = {D372B012-FEFE-4A05-91C7-D91B8FB40FA5}
	EndGlobalSection
EndGlobal
